{
  "name": "chaiwalicss",
  "version": "2.0.1",
  "lockfileVersion": 3,
  "requires": true,
  "packages": {
    "": {
      "name": "chaiwalicss",
      "version": "2.0.1",
      "license": "MIT",
      "dependencies": {
        "chaiwalicss": "^2.0.1"
      }
    },
    "node_modules/chaiwalicss": {
      "version": "2.0.1",
      "resolved": "https://registry.npmjs.org/chaiwalicss/-/chaiwalicss-2.0.1.tgz",
      "integrity": "sha512-W88N+4F+u35JGC78R7Kvne0ChGU2UZXgOFxUBEHvPRmAYOFHXaDTX2EGSlHk8Rp/F1sg99JCGclb9GM1Kag2MQ==",
      "license": "MIT"
    }
  }
}
